
Microsoft Visual Studio Solution File, Format Version 12.00
Project("{FAE04EC0-301F-11D3-BF4B-00C04F79EFBC}") = "WebApp", "WebApp\WebApp.csproj", "{D3EE83C5-C73A-40D9-917F-50C4514FC88B}"
EndProject
Project("{2150E333-8FDC-42A3-9474-1A3956D46DE8}") = "Solution items", "Solution items", "{34B24D47-CAF3-46FA-B3AE-FCACCF53871F}"
	ProjectSection(SolutionItems) = preProject
		ERD.pdf = ERD.pdf
		Semantika.pdf = Semantika.pdf
		.gitignore = .gitignore
		readme.MD = readme.MD
	EndProjectSection
EndProject
Project("{2150E333-8FDC-42A3-9474-1A3956D46DE8}") = "APP", "APP", "{91F7DD5C-EA3B-45FD-8D79-075E6FEF4776}"
EndProject
Project("{FAE04EC0-301F-11D3-BF4B-00C04F79EFBC}") = "Domain.App", "Domain.App\Domain.App.csproj", "{4747D6DE-F33C-4DF0-AE24-933FFE8E65E2}"
EndProject
Project("{FAE04EC0-301F-11D3-BF4B-00C04F79EFBC}") = "Domain.Contracts.Base", "Domain.Contracts.Base\Domain.Contracts.Base.csproj", "{60032EC5-653B-47AD-8AF3-1AE55FC3F6A2}"
EndProject
Project("{2150E333-8FDC-42A3-9474-1A3956D46DE8}") = "BASE", "BASE", "{643FB712-546A-4BAA-9179-164645105A08}"
EndProject
Project("{2150E333-8FDC-42A3-9474-1A3956D46DE8}") = "Contracts", "Contracts", "{3A0F0FD1-C5BF-40BD-A569-D6265A449C3D}"
EndProject
Project("{FAE04EC0-301F-11D3-BF4B-00C04F79EFBC}") = "Domain.Base", "Domain.Base\Domain.Base.csproj", "{09821A4E-1067-4153-86E0-5DECBD3F442C}"
EndProject
Project("{FAE04EC0-301F-11D3-BF4B-00C04F79EFBC}") = "DAL.EF.App", "DAL.EF.App\DAL.EF.App.csproj", "{5C57E68F-C81C-49BB-BFDB-10075542905B}"
EndProject
Project("{FAE04EC0-301F-11D3-BF4B-00C04F79EFBC}") = "DAL.Contracts.Base", "DAL.Contracts.Base\DAL.Contracts.Base.csproj", "{97350AA6-4647-4F32-B545-C7956C68C679}"
EndProject
Project("{2150E333-8FDC-42A3-9474-1A3956D46DE8}") = "Contracts", "Contracts", "{2309108B-9A29-49ED-9ACD-98B75F43F208}"
EndProject
Project("{FAE04EC0-301F-11D3-BF4B-00C04F79EFBC}") = "DAL.Contracts.App", "DAL.Contracts.App\DAL.Contracts.App.csproj", "{E4883D1B-483C-48AA-8F07-2A5433E026FC}"
EndProject
Project("{FAE04EC0-301F-11D3-BF4B-00C04F79EFBC}") = "DAL.EF.Base", "DAL.EF.Base\DAL.EF.Base.csproj", "{CB753EEA-F84D-4766-86E3-9A8B52EBCF9D}"
EndProject
Project("{FAE04EC0-301F-11D3-BF4B-00C04F79EFBC}") = "BLL.Base", "BLL.Base\BLL.Base.csproj", "{16963862-9C0F-4C27-9532-4CF4D7B317B6}"
EndProject
Project("{FAE04EC0-301F-11D3-BF4B-00C04F79EFBC}") = "BLL.Contracts.Base", "BLL.Contracts.Base\BLL.Contracts.Base.csproj", "{C43E9B92-F25B-4EF8-9B36-815B0BBBD1C9}"
EndProject
Project("{FAE04EC0-301F-11D3-BF4B-00C04F79EFBC}") = "BLL.DTO", "BLL.DTO\BLL.DTO.csproj", "{515A34F6-BF63-4E87-B9AF-2F09065441E2}"
EndProject
Project("{FAE04EC0-301F-11D3-BF4B-00C04F79EFBC}") = "BLL.Contracts.App", "BLL.Contracts.App\BLL.Contracts.App.csproj", "{DD8B3256-7528-4CD0-96F4-B5ACCE36D7A2}"
EndProject
Global
	GlobalSection(SolutionConfigurationPlatforms) = preSolution
		Debug|Any CPU = Debug|Any CPU
		Release|Any CPU = Release|Any CPU
	EndGlobalSection
	GlobalSection(ProjectConfigurationPlatforms) = postSolution
		{D3EE83C5-C73A-40D9-917F-50C4514FC88B}.Debug|Any CPU.ActiveCfg = Debug|Any CPU
		{D3EE83C5-C73A-40D9-917F-50C4514FC88B}.Debug|Any CPU.Build.0 = Debug|Any CPU
		{D3EE83C5-C73A-40D9-917F-50C4514FC88B}.Release|Any CPU.ActiveCfg = Release|Any CPU
		{D3EE83C5-C73A-40D9-917F-50C4514FC88B}.Release|Any CPU.Build.0 = Release|Any CPU
		{4747D6DE-F33C-4DF0-AE24-933FFE8E65E2}.Debug|Any CPU.ActiveCfg = Debug|Any CPU
		{4747D6DE-F33C-4DF0-AE24-933FFE8E65E2}.Debug|Any CPU.Build.0 = Debug|Any CPU
		{4747D6DE-F33C-4DF0-AE24-933FFE8E65E2}.Release|Any CPU.ActiveCfg = Release|Any CPU
		{4747D6DE-F33C-4DF0-AE24-933FFE8E65E2}.Release|Any CPU.Build.0 = Release|Any CPU
		{60032EC5-653B-47AD-8AF3-1AE55FC3F6A2}.Debug|Any CPU.ActiveCfg = Debug|Any CPU
		{60032EC5-653B-47AD-8AF3-1AE55FC3F6A2}.Debug|Any CPU.Build.0 = Debug|Any CPU
		{60032EC5-653B-47AD-8AF3-1AE55FC3F6A2}.Release|Any CPU.ActiveCfg = Release|Any CPU
		{60032EC5-653B-47AD-8AF3-1AE55FC3F6A2}.Release|Any CPU.Build.0 = Release|Any CPU
		{09821A4E-1067-4153-86E0-5DECBD3F442C}.Debug|Any CPU.ActiveCfg = Debug|Any CPU
		{09821A4E-1067-4153-86E0-5DECBD3F442C}.Debug|Any CPU.Build.0 = Debug|Any CPU
		{09821A4E-1067-4153-86E0-5DECBD3F442C}.Release|Any CPU.ActiveCfg = Release|Any CPU
		{09821A4E-1067-4153-86E0-5DECBD3F442C}.Release|Any CPU.Build.0 = Release|Any CPU
		{5C57E68F-C81C-49BB-BFDB-10075542905B}.Debug|Any CPU.ActiveCfg = Debug|Any CPU
		{5C57E68F-C81C-49BB-BFDB-10075542905B}.Debug|Any CPU.Build.0 = Debug|Any CPU
		{5C57E68F-C81C-49BB-BFDB-10075542905B}.Release|Any CPU.ActiveCfg = Release|Any CPU
		{5C57E68F-C81C-49BB-BFDB-10075542905B}.Release|Any CPU.Build.0 = Release|Any CPU
		{97350AA6-4647-4F32-B545-C7956C68C679}.Debug|Any CPU.ActiveCfg = Debug|Any CPU
		{97350AA6-4647-4F32-B545-C7956C68C679}.Debug|Any CPU.Build.0 = Debug|Any CPU
		{97350AA6-4647-4F32-B545-C7956C68C679}.Release|Any CPU.ActiveCfg = Release|Any CPU
		{97350AA6-4647-4F32-B545-C7956C68C679}.Release|Any CPU.Build.0 = Release|Any CPU
		{E4883D1B-483C-48AA-8F07-2A5433E026FC}.Debug|Any CPU.ActiveCfg = Debug|Any CPU
		{E4883D1B-483C-48AA-8F07-2A5433E026FC}.Debug|Any CPU.Build.0 = Debug|Any CPU
		{E4883D1B-483C-48AA-8F07-2A5433E026FC}.Release|Any CPU.ActiveCfg = Release|Any CPU
		{E4883D1B-483C-48AA-8F07-2A5433E026FC}.Release|Any CPU.Build.0 = Release|Any CPU
		{CB753EEA-F84D-4766-86E3-9A8B52EBCF9D}.Debug|Any CPU.ActiveCfg = Debug|Any CPU
		{CB753EEA-F84D-4766-86E3-9A8B52EBCF9D}.Debug|Any CPU.Build.0 = Debug|Any CPU
		{CB753EEA-F84D-4766-86E3-9A8B52EBCF9D}.Release|Any CPU.ActiveCfg = Release|Any CPU
		{CB753EEA-F84D-4766-86E3-9A8B52EBCF9D}.Release|Any CPU.Build.0 = Release|Any CPU
		{16963862-9C0F-4C27-9532-4CF4D7B317B6}.Debug|Any CPU.ActiveCfg = Debug|Any CPU
		{16963862-9C0F-4C27-9532-4CF4D7B317B6}.Debug|Any CPU.Build.0 = Debug|Any CPU
		{16963862-9C0F-4C27-9532-4CF4D7B317B6}.Release|Any CPU.ActiveCfg = Release|Any CPU
		{16963862-9C0F-4C27-9532-4CF4D7B317B6}.Release|Any CPU.Build.0 = Release|Any CPU
		{C43E9B92-F25B-4EF8-9B36-815B0BBBD1C9}.Debug|Any CPU.ActiveCfg = Debug|Any CPU
		{C43E9B92-F25B-4EF8-9B36-815B0BBBD1C9}.Debug|Any CPU.Build.0 = Debug|Any CPU
		{C43E9B92-F25B-4EF8-9B36-815B0BBBD1C9}.Release|Any CPU.ActiveCfg = Release|Any CPU
		{C43E9B92-F25B-4EF8-9B36-815B0BBBD1C9}.Release|Any CPU.Build.0 = Release|Any CPU
		{515A34F6-BF63-4E87-B9AF-2F09065441E2}.Debug|Any CPU.ActiveCfg = Debug|Any CPU
		{515A34F6-BF63-4E87-B9AF-2F09065441E2}.Debug|Any CPU.Build.0 = Debug|Any CPU
		{515A34F6-BF63-4E87-B9AF-2F09065441E2}.Release|Any CPU.ActiveCfg = Release|Any CPU
		{515A34F6-BF63-4E87-B9AF-2F09065441E2}.Release|Any CPU.Build.0 = Release|Any CPU
		{DD8B3256-7528-4CD0-96F4-B5ACCE36D7A2}.Debug|Any CPU.ActiveCfg = Debug|Any CPU
		{DD8B3256-7528-4CD0-96F4-B5ACCE36D7A2}.Debug|Any CPU.Build.0 = Debug|Any CPU
		{DD8B3256-7528-4CD0-96F4-B5ACCE36D7A2}.Release|Any CPU.ActiveCfg = Release|Any CPU
		{DD8B3256-7528-4CD0-96F4-B5ACCE36D7A2}.Release|Any CPU.Build.0 = Release|Any CPU
	EndGlobalSection
	GlobalSection(NestedProjects) = preSolution
		{D3EE83C5-C73A-40D9-917F-50C4514FC88B} = {91F7DD5C-EA3B-45FD-8D79-075E6FEF4776}
		{4747D6DE-F33C-4DF0-AE24-933FFE8E65E2} = {91F7DD5C-EA3B-45FD-8D79-075E6FEF4776}
		{3A0F0FD1-C5BF-40BD-A569-D6265A449C3D} = {643FB712-546A-4BAA-9179-164645105A08}
		{60032EC5-653B-47AD-8AF3-1AE55FC3F6A2} = {3A0F0FD1-C5BF-40BD-A569-D6265A449C3D}
		{09821A4E-1067-4153-86E0-5DECBD3F442C} = {643FB712-546A-4BAA-9179-164645105A08}
		{5C57E68F-C81C-49BB-BFDB-10075542905B} = {91F7DD5C-EA3B-45FD-8D79-075E6FEF4776}
		{97350AA6-4647-4F32-B545-C7956C68C679} = {3A0F0FD1-C5BF-40BD-A569-D6265A449C3D}
		{2309108B-9A29-49ED-9ACD-98B75F43F208} = {91F7DD5C-EA3B-45FD-8D79-075E6FEF4776}
		{E4883D1B-483C-48AA-8F07-2A5433E026FC} = {2309108B-9A29-49ED-9ACD-98B75F43F208}
		{CB753EEA-F84D-4766-86E3-9A8B52EBCF9D} = {643FB712-546A-4BAA-9179-164645105A08}
		{16963862-9C0F-4C27-9532-4CF4D7B317B6} = {643FB712-546A-4BAA-9179-164645105A08}
		{C43E9B92-F25B-4EF8-9B36-815B0BBBD1C9} = {3A0F0FD1-C5BF-40BD-A569-D6265A449C3D}
		{515A34F6-BF63-4E87-B9AF-2F09065441E2} = {91F7DD5C-EA3B-45FD-8D79-075E6FEF4776}
		{DD8B3256-7528-4CD0-96F4-B5ACCE36D7A2} = {2309108B-9A29-49ED-9ACD-98B75F43F208}
	EndGlobalSection
EndGlobal
